Microsoft Visual Studio Solution File, Format Version 12.00
# Visual Studio Version 17
VisualStudioVersion = 17.5.2.0
MinimumVisualStudioVersion = 10.0.40219.1
Project("{FAE04EC0-301F-11D3-BF4B-00C04F79EFBC}") = "FSM", "FSM.csproj", "{B3CE70F4-3AC1-3372-E603-FBD48D8F027D}"
EndProject
Global
	GlobalSection(SolutionConfigurationPlatforms) = preSolution
		Debug|Any CPU = Debug|Any CPU
		Release|Any CPU = Release|Any CPU
	EndGlobalSection
	GlobalSection(ProjectConfigurationPlatforms) = postSolution
		{B3CE70F4-3AC1-3372-E603-FBD48D8F027D}.Debug|Any CPU.ActiveCfg = Debug|Any CPU
		{B3CE70F4-3AC1-3372-E603-FBD48D8F027D}.Debug|Any CPU.Build.0 = Debug|Any CPU
		{B3CE70F4-3AC1-3372-E603-FBD48D8F027D}.Release|Any CPU.ActiveCfg = Release|Any CPU
		{B3CE70F4-3AC1-3372-E603-FBD48D8F027D}.Release|Any CPU.Build.0 = Release|Any CPU
	EndGlobalSection
	GlobalSection(SolutionProperties) = preSolution
		HideSolutionNode = FALSE
	EndGlobalSection
	GlobalSection(ExtensibilityGlobals) = postSolution
		SolutionGuid = {8BE1F760-11BC-4813-8823-47D48B80CAA6}
	EndGlobalSection
EndGlobal
